
Microsoft Visual Studio Solution File, Format Version 12.00
# Visual Studio Version 17
VisualStudioVersion = 17.1.32421.90
MinimumVisualStudioVersion = 10.0.40219.1
Project("{FAE04EC0-301F-11D3-BF4B-00C04F79EFBC}") = "Atena.Lesson.Exception", "Atena.Lesson.Exception\Atena.Lesson.Exception.csproj", "{AA55BED2-A1D5-42B4-A8A9-A55F714D287F}"
EndProject
Project("{FAE04EC0-301F-11D3-BF4B-00C04F79EFBC}") = "Exception.Library", "Exception.Library\Exception.Library.csproj", "{67C320AC-E178-4533-87AC-F6ED95FA65B6}"
EndProject
Global
	GlobalSection(SolutionConfigurationPlatforms) = preSolution
		Debug|Any CPU = Debug|Any CPU
		Release|Any CPU = Release|Any CPU
	EndGlobalSection
	GlobalSection(ProjectConfigurationPlatforms) = postSolution
		{AA55BED2-A1D5-42B4-A8A9-A55F714D287F}.Debug|Any CPU.ActiveCfg = Debug|Any CPU
		{AA55BED2-A1D5-42B4-A8A9-A55F714D287F}.Debug|Any CPU.Build.0 = Debug|Any CPU
		{AA55BED2-A1D5-42B4-A8A9-A55F714D287F}.Release|Any CPU.ActiveCfg = Release|Any CPU
		{AA55BED2-A1D5-42B4-A8A9-A55F714D287F}.Release|Any CPU.Build.0 = Release|Any CPU
		{67C320AC-E178-4533-87AC-F6ED95FA65B6}.Debug|Any CPU.ActiveCfg = Debug|Any CPU
		{67C320AC-E178-4533-87AC-F6ED95FA65B6}.Debug|Any CPU.Build.0 = Debug|Any CPU
		{67C320AC-E178-4533-87AC-F6ED95FA65B6}.Release|Any CPU.ActiveCfg = Release|Any CPU
		{67C320AC-E178-4533-87AC-F6ED95FA65B6}.Release|Any CPU.Build.0 = Release|Any CPU
	EndGlobalSection
	GlobalSection(SolutionProperties) = preSolution
		HideSolutionNode = FALSE
	EndGlobalSection
	GlobalSection(ExtensibilityGlobals) = postSolution
		SolutionGuid = {2323979A-C708-4883-9A3F-6DBF1E4002B3}
	EndGlobalSection
EndGlobal
